
Microsoft Visual Studio Solution File, Format Version 12.00
# Visual Studio 15
VisualStudioVersion = 15.0.27004.2002
MinimumVisualStudioVersion = 10.0.40219.1
Project("{FAE04EC0-301F-11D3-BF4B-00C04F79EFBC}") = "ObjectDepot.Data", "ObjectDepot.Data\ObjectDepot.Data.csproj", "{C28F8628-CA8A-45FF-8070-03894467ACA2}"
EndProject
Project("{FAE04EC0-301F-11D3-BF4B-00C04F79EFBC}") = "ObjectDepot.API", "ObjectDepot.API\ObjectDepot.API.csproj", "{7946E447-5C3C-4805-B2D5-EC1D0C10BFC2}"
EndProject
Global
	GlobalSection(SolutionConfigurationPlatforms) = preSolution
		Debug|Any CPU = Debug|Any CPU
		Release|Any CPU = Release|Any CPU
	EndGlobalSection
	GlobalSection(ProjectConfigurationPlatforms) = postSolution
		{C28F8628-CA8A-45FF-8070-03894467ACA2}.Debug|Any CPU.ActiveCfg = Debug|Any CPU
		{C28F8628-CA8A-45FF-8070-03894467ACA2}.Debug|Any CPU.Build.0 = Debug|Any CPU
		{C28F8628-CA8A-45FF-8070-03894467ACA2}.Release|Any CPU.ActiveCfg = Release|Any CPU
		{C28F8628-CA8A-45FF-8070-03894467ACA2}.Release|Any CPU.Build.0 = Release|Any CPU
		{7946E447-5C3C-4805-B2D5-EC1D0C10BFC2}.Debug|Any CPU.ActiveCfg = Debug|Any CPU
		{7946E447-5C3C-4805-B2D5-EC1D0C10BFC2}.Debug|Any CPU.Build.0 = Debug|Any CPU
		{7946E447-5C3C-4805-B2D5-EC1D0C10BFC2}.Release|Any CPU.ActiveCfg = Release|Any CPU
		{7946E447-5C3C-4805-B2D5-EC1D0C10BFC2}.Release|Any CPU.Build.0 = Release|Any CPU
	EndGlobalSection
	GlobalSection(SolutionProperties) = preSolution
		HideSolutionNode = FALSE
	EndGlobalSection
	GlobalSection(ExtensibilityGlobals) = postSolution
		SolutionGuid = {DD8A698F-6985-480E-9D6C-49C206F135CB}
	EndGlobalSection
EndGlobal
